
Microsoft Visual Studio Solution File, Format Version 12.00
# Visual Studio Version 17
VisualStudioVersion = 17.0.31903.59
MinimumVisualStudioVersion = 10.0.40219.1
Project("{2150E333-8FDC-42A3-9474-1A3956D46DE8}") = "src", "src", "{7754F6A8-E1A7-4374-8419-AAD386B202CB}"
EndProject
Project("{2150E333-8FDC-42A3-9474-1A3956D46DE8}") = "ASP.NET", "ASP.NET", "{EF4F62A8-D04B-41E7-B68A-1EC5554DA924}"
EndProject
Project("{FAE04EC0-301F-11D3-BF4B-00C04F79EFBC}") = "MyFirstApp", "src\ASP.NET\MyFirstApp\MyFirstApp.csproj", "{D2994AFB-0394-4E31-832F-DAFF4DDD7BE8}"
EndProject
Project("{2150E333-8FDC-42A3-9474-1A3956D46DE8}") = "ErrorHandling", "ErrorHandling", "{9EA256AB-843A-4220-8700-9B1952E6ECF4}"
EndProject
Project("{FAE04EC0-301F-11D3-BF4B-00C04F79EFBC}") = "ErrorHandling", "src\ErrorHandling\ErrorHandling\ErrorHandling.csproj", "{6260CD9A-A3F4-4ECB-814A-E54F1E30B5CD}"
EndProject
Project("{2150E333-8FDC-42A3-9474-1A3956D46DE8}") = "WebSocket", "WebSocket", "{626BE253-3F6F-4761-BDCC-90E3B6DA85D4}"
EndProject
Project("{FAE04EC0-301F-11D3-BF4B-00C04F79EFBC}") = "Server", "src\WebSocket\Server\Server.csproj", "{5FBAEABA-AF21-412B-A850-5A2460799135}"
EndProject
Project("{FAE04EC0-301F-11D3-BF4B-00C04F79EFBC}") = "WsDemo", "src\WebSocket\WsDemo\WsDemo.csproj", "{47DE7432-711B-4D6B-B6EF-42A934C4421B}"
EndProject
Project("{2150E333-8FDC-42A3-9474-1A3956D46DE8}") = "NetworkProgramming", "NetworkProgramming", "{CC8CE2D1-69F7-416D-8643-1AD1FF19D72A}"
EndProject
Project("{FAE04EC0-301F-11D3-BF4B-00C04F79EFBC}") = "Udp", "src\NetworkProgramming\Udp\Udp.csproj", "{97E0C7C5-DDAB-468C-9E6A-B607A8CD5C68}"
EndProject
Project("{FAE04EC0-301F-11D3-BF4B-00C04F79EFBC}") = "Playground", "Playground\Playground.csproj", "{F58FCB4D-E5C2-454B-A981-0C999E018D61}"
EndProject
Project("{2150E333-8FDC-42A3-9474-1A3956D46DE8}") = "DependencyInjection", "DependencyInjection", "{29046380-A064-48BB-8BB2-99C678077D70}"
EndProject
Project("{FAE04EC0-301F-11D3-BF4B-00C04F79EFBC}") = "Di", "src\DependencyInjection\Di\Di.csproj", "{097C2A21-BC3F-497F-903B-B6809392C18B}"
EndProject
Project("{FAE04EC0-301F-11D3-BF4B-00C04F79EFBC}") = "OtherApi", "src\ASP.NET\OtherApi\OtherApi.csproj", "{911D95B6-C303-4163-BDDE-B01CC8C416BC}"
EndProject
Global
	GlobalSection(SolutionConfigurationPlatforms) = preSolution
		Debug|Any CPU = Debug|Any CPU
		Release|Any CPU = Release|Any CPU
	EndGlobalSection
	GlobalSection(SolutionProperties) = preSolution
		HideSolutionNode = FALSE
	EndGlobalSection
	GlobalSection(ProjectConfigurationPlatforms) = postSolution
		{D2994AFB-0394-4E31-832F-DAFF4DDD7BE8}.Debug|Any CPU.ActiveCfg = Debug|Any CPU
		{D2994AFB-0394-4E31-832F-DAFF4DDD7BE8}.Debug|Any CPU.Build.0 = Debug|Any CPU
		{D2994AFB-0394-4E31-832F-DAFF4DDD7BE8}.Release|Any CPU.ActiveCfg = Release|Any CPU
		{D2994AFB-0394-4E31-832F-DAFF4DDD7BE8}.Release|Any CPU.Build.0 = Release|Any CPU
		{6260CD9A-A3F4-4ECB-814A-E54F1E30B5CD}.Debug|Any CPU.ActiveCfg = Debug|Any CPU
		{6260CD9A-A3F4-4ECB-814A-E54F1E30B5CD}.Debug|Any CPU.Build.0 = Debug|Any CPU
		{6260CD9A-A3F4-4ECB-814A-E54F1E30B5CD}.Release|Any CPU.ActiveCfg = Release|Any CPU
		{6260CD9A-A3F4-4ECB-814A-E54F1E30B5CD}.Release|Any CPU.Build.0 = Release|Any CPU
		{5FBAEABA-AF21-412B-A850-5A2460799135}.Debug|Any CPU.ActiveCfg = Debug|Any CPU
		{5FBAEABA-AF21-412B-A850-5A2460799135}.Debug|Any CPU.Build.0 = Debug|Any CPU
		{5FBAEABA-AF21-412B-A850-5A2460799135}.Release|Any CPU.ActiveCfg = Release|Any CPU
		{5FBAEABA-AF21-412B-A850-5A2460799135}.Release|Any CPU.Build.0 = Release|Any CPU
		{47DE7432-711B-4D6B-B6EF-42A934C4421B}.Debug|Any CPU.ActiveCfg = Debug|Any CPU
		{47DE7432-711B-4D6B-B6EF-42A934C4421B}.Debug|Any CPU.Build.0 = Debug|Any CPU
		{47DE7432-711B-4D6B-B6EF-42A934C4421B}.Release|Any CPU.ActiveCfg = Release|Any CPU
		{47DE7432-711B-4D6B-B6EF-42A934C4421B}.Release|Any CPU.Build.0 = Release|Any CPU
		{97E0C7C5-DDAB-468C-9E6A-B607A8CD5C68}.Debug|Any CPU.ActiveCfg = Debug|Any CPU
		{97E0C7C5-DDAB-468C-9E6A-B607A8CD5C68}.Debug|Any CPU.Build.0 = Debug|Any CPU
		{97E0C7C5-DDAB-468C-9E6A-B607A8CD5C68}.Release|Any CPU.ActiveCfg = Release|Any CPU
		{97E0C7C5-DDAB-468C-9E6A-B607A8CD5C68}.Release|Any CPU.Build.0 = Release|Any CPU
		{F58FCB4D-E5C2-454B-A981-0C999E018D61}.Debug|Any CPU.ActiveCfg = Debug|Any CPU
		{F58FCB4D-E5C2-454B-A981-0C999E018D61}.Debug|Any CPU.Build.0 = Debug|Any CPU
		{F58FCB4D-E5C2-454B-A981-0C999E018D61}.Release|Any CPU.ActiveCfg = Release|Any CPU
		{F58FCB4D-E5C2-454B-A981-0C999E018D61}.Release|Any CPU.Build.0 = Release|Any CPU
		{DFDFB04F-86D8-47AA-98B1-BEEDA5020704}.Debug|Any CPU.ActiveCfg = Debug|Any CPU
		{DFDFB04F-86D8-47AA-98B1-BEEDA5020704}.Debug|Any CPU.Build.0 = Debug|Any CPU
		{DFDFB04F-86D8-47AA-98B1-BEEDA5020704}.Release|Any CPU.ActiveCfg = Release|Any CPU
		{DFDFB04F-86D8-47AA-98B1-BEEDA5020704}.Release|Any CPU.Build.0 = Release|Any CPU
		{097C2A21-BC3F-497F-903B-B6809392C18B}.Debug|Any CPU.ActiveCfg = Debug|Any CPU
		{097C2A21-BC3F-497F-903B-B6809392C18B}.Debug|Any CPU.Build.0 = Debug|Any CPU
		{097C2A21-BC3F-497F-903B-B6809392C18B}.Release|Any CPU.ActiveCfg = Release|Any CPU
		{097C2A21-BC3F-497F-903B-B6809392C18B}.Release|Any CPU.Build.0 = Release|Any CPU
		{911D95B6-C303-4163-BDDE-B01CC8C416BC}.Debug|Any CPU.ActiveCfg = Debug|Any CPU
		{911D95B6-C303-4163-BDDE-B01CC8C416BC}.Debug|Any CPU.Build.0 = Debug|Any CPU
		{911D95B6-C303-4163-BDDE-B01CC8C416BC}.Release|Any CPU.ActiveCfg = Release|Any CPU
		{911D95B6-C303-4163-BDDE-B01CC8C416BC}.Release|Any CPU.Build.0 = Release|Any CPU
	EndGlobalSection
	GlobalSection(NestedProjects) = preSolution
		{D2994AFB-0394-4E31-832F-DAFF4DDD7BE8} = {EF4F62A8-D04B-41E7-B68A-1EC5554DA924}
		{6260CD9A-A3F4-4ECB-814A-E54F1E30B5CD} = {9EA256AB-843A-4220-8700-9B1952E6ECF4}
		{5FBAEABA-AF21-412B-A850-5A2460799135} = {626BE253-3F6F-4761-BDCC-90E3B6DA85D4}
		{47DE7432-711B-4D6B-B6EF-42A934C4421B} = {626BE253-3F6F-4761-BDCC-90E3B6DA85D4}
		{97E0C7C5-DDAB-468C-9E6A-B607A8CD5C68} = {CC8CE2D1-69F7-416D-8643-1AD1FF19D72A}
		{626BE253-3F6F-4761-BDCC-90E3B6DA85D4} = {7754F6A8-E1A7-4374-8419-AAD386B202CB}
		{CC8CE2D1-69F7-416D-8643-1AD1FF19D72A} = {7754F6A8-E1A7-4374-8419-AAD386B202CB}
		{9EA256AB-843A-4220-8700-9B1952E6ECF4} = {7754F6A8-E1A7-4374-8419-AAD386B202CB}
		{EF4F62A8-D04B-41E7-B68A-1EC5554DA924} = {7754F6A8-E1A7-4374-8419-AAD386B202CB}
		{3C290916-B2F4-4A49-80C5-365DA33BAE32} = {7754F6A8-E1A7-4374-8419-AAD386B202CB}
		{DFDFB04F-86D8-47AA-98B1-BEEDA5020704} = {3C290916-B2F4-4A49-80C5-365DA33BAE32}
		{29046380-A064-48BB-8BB2-99C678077D70} = {7754F6A8-E1A7-4374-8419-AAD386B202CB}
		{097C2A21-BC3F-497F-903B-B6809392C18B} = {29046380-A064-48BB-8BB2-99C678077D70}
		{911D95B6-C303-4163-BDDE-B01CC8C416BC} = {EF4F62A8-D04B-41E7-B68A-1EC5554DA924}
	EndGlobalSection
EndGlobal
